
Microsoft Visual Studio Solution File, Format Version 12.00
# Visual Studio 15
VisualStudioVersion = 15.0.28307.779
MinimumVisualStudioVersion = 10.0.40219.1
Project("{FAE04EC0-301F-11D3-BF4B-00C04F79EFBC}") = "Main", "Main\Main.csproj", "{76D431FB-2E8A-4CF6-A85F-DD4FC4ADC46D}"
EndProject
Global
	GlobalSection(SolutionConfigurationPlatforms) = preSolution
		Debug|Any CPU = Debug|Any CPU
		Release|Any CPU = Release|Any CPU
	EndGlobalSection
	GlobalSection(ProjectConfigurationPlatforms) = postSolution
		{76D431FB-2E8A-4CF6-A85F-DD4FC4ADC46D}.Debug|Any CPU.ActiveCfg = Debug|Any CPU
		{76D431FB-2E8A-4CF6-A85F-DD4FC4ADC46D}.Debug|Any CPU.Build.0 = Debug|Any CPU
		{76D431FB-2E8A-4CF6-A85F-DD4FC4ADC46D}.Release|Any CPU.ActiveCfg = Release|Any CPU
		{76D431FB-2E8A-4CF6-A85F-DD4FC4ADC46D}.Release|Any CPU.Build.0 = Release|Any CPU
	EndGlobalSection
	GlobalSection(SolutionProperties) = preSolution
		HideSolutionNode = FALSE
	EndGlobalSection
	GlobalSection(ExtensibilityGlobals) = postSolution
		SolutionGuid = {F8AEB99C-1AE2-4782-815A-F486693FBBB6}
	EndGlobalSection
EndGlobal
